// !$*UTF8*$!
{
	archiveVersion = 1;
	classes = {
	};
	objectVersion = 50;
	objects = {

/* Begin PBXBuildFile section */
		A61FB4B624FEFA46007229E5 /* EditCardView.swift in Sources */ = {isa = PBXBuildFile; fileRef = A61FB4B524FEFA46007229E5 /* EditCardView.swift */; };
		A647183324F981160057C19F /* AppDelegate.swift in Sources */ = {isa = PBXBuildFile; fileRef = A647183224F981160057C19F /* AppDelegate.swift */; };
		A647183524F981160057C19F /* SceneDelegate.swift in Sources */ = {isa = PBXBuildFile; fileRef = A647183424F981160057C19F /* SceneDelegate.swift */; };
		A647183824F981160057C19F /* Flashcards.xcdatamodeld in Sources */ = {isa = PBXBuildFile; fileRef = A647183624F981160057C19F /* Flashcards.xcdatamodeld */; };
		A647183A24F981160057C19F /* ContentView.swift in Sources */ = {isa = PBXBuildFile; fileRef = A647183924F981160057C19F /* ContentView.swift */; };
		A647183C24F981270057C19F /* Assets.xcassets in Resources */ = {isa = PBXBuildFile; fileRef = A647183B24F981270057C19F /* Assets.xcassets */; };
		A647183F24F981270057C19F /* Preview Assets.xcassets in Resources */ = {isa = PBXBuildFile; fileRef = A647183E24F981270057C19F /* Preview Assets.xcassets */; };
		A647184224F981270057C19F /* LaunchScreen.storyboard in Resources */ = {isa = PBXBuildFile; fileRef = A647184024F981270057C19F /* LaunchScreen.storyboard */; };
		A647184B24F991A20057C19F /* PageView.swift in Sources */ = {isa = PBXBuildFile; fileRef = A647184A24F991A20057C19F /* PageView.swift */; };
		A647184D24F991BE0057C19F /* PageViewController.swift in Sources */ = {isa = PBXBuildFile; fileRef = A647184C24F991BE0057C19F /* PageViewController.swift */; };
		A6B6C3CA24FC081500F2E6B1 /* CardView.swift in Sources */ = {isa = PBXBuildFile; fileRef = A6B6C3C924FC081500F2E6B1 /* CardView.swift */; };
		A6B6C3CC24FC086B00F2E6B1 /* CardDataViews.swift in Sources */ = {isa = PBXBuildFile; fileRef = A6B6C3CB24FC086B00F2E6B1 /* CardDataViews.swift */; };
		A6B6C3CE24FC102F00F2E6B1 /* Data.swift in Sources */ = {isa = PBXBuildFile; fileRef = A6B6C3CD24FC102F00F2E6B1 /* Data.swift */; };
		A6B6C3D124FC12E300F2E6B1 /* CardSetsView.swift in Sources */ = {isa = PBXBuildFile; fileRef = A6B6C3D024FC12E300F2E6B1 /* CardSetsView.swift */; };
		A6B6C3D524FC158F00F2E6B1 /* CardsPageView.swift in Sources */ = {isa = PBXBuildFile; fileRef = A6B6C3D424FC158F00F2E6B1 /* CardsPageView.swift */; };
		A6B6C3D824FC3C9000F2E6B1 /* EditCardSetView.swift in Sources */ = {isa = PBXBuildFile; fileRef = A6B6C3D724FC3C9000F2E6B1 /* EditCardSetView.swift */; };
		A6B6C3DB24FC473000F2E6B1 /* EditCardsView.swift in Sources */ = {isa = PBXBuildFile; fileRef = A6B6C3DA24FC473000F2E6B1 /* EditCardsView.swift */; };
		A6BDD976250ADC10007F4206 /* CloudKit.framework in Frameworks */ = {isa = PBXBuildFile; fileRef = A6BDD975250ADC10007F4206 /* CloudKit.framework */; };
/* End PBXBuildFile section */

/* Begin PBXFileReference section */
		A61FB4B524FEFA46007229E5 /* EditCardView.swift */ = {isa = PBXFileReference; lastKnownFileType = sourcecode.swift; path = EditCardView.swift; sourceTree = "<group>"; };
		A647182F24F981160057C19F /* Flashcards.app */ = {isa = PBXFileReference; explicitFileType = wrapper.application; includeInIndex = 0; path = Flashcards.app; sourceTree = BUILT_PRODUCTS_DIR; };
		A647183224F981160057C19F /* AppDelegate.swift */ = {isa = PBXFileReference; lastKnownFileType = sourcecode.swift; path = AppDelegate.swift; sourceTree = "<group>"; };
		A647183424F981160057C19F /* SceneDelegate.swift */ = {isa = PBXFileReference; lastKnownFileType = sourcecode.swift; path = SceneDelegate.swift; sourceTree = "<group>"; };
		A647183724F981160057C19F /* Flashcards.xcdatamodel */ = {isa = PBXFileReference; lastKnownFileType = wrapper.xcdatamodel; path = Flashcards.xcdatamodel; sourceTree = "<group>"; };
		A647183924F981160057C19F /* ContentView.swift */ = {isa = PBXFileReference; lastKnownFileType = sourcecode.swift; path = ContentView.swift; sourceTree = "<group>"; };
		A647183B24F981270057C19F /* Assets.xcassets */ = {isa = PBXFileReference; lastKnownFileType = folder.assetcatalog; path = Assets.xcassets; sourceTree = "<group>"; };
		A647183E24F981270057C19F /* Preview Assets.xcassets */ = {isa = PBXFileReference; lastKnownFileType = folder.assetcatalog; path = "Preview Assets.xcassets"; sourceTree = "<group>"; };
		A647184124F981270057C19F /* Base */ = {isa = PBXFileReference; lastKnownFileType = file.storyboard; name = Base; path = Base.lproj/LaunchScreen.storyboard; sourceTree = "<group>"; };
		A647184324F981270057C19F /* Info.plist */ = {isa = PBXFileReference; lastKnownFileType = text.plist.xml; path = Info.plist; sourceTree = "<group>"; };
		A647184A24F991A20057C19F /* PageView.swift */ = {isa = PBXFileReference; lastKnownFileType = sourcecode.swift; path = PageView.swift; sourceTree = "<group>"; };
		A647184C24F991BE0057C19F /* PageViewController.swift */ = {isa = PBXFileReference; lastKnownFileType = sourcecode.swift; path = PageViewController.swift; sourceTree = "<group>"; };
		A6B6C3C924FC081500F2E6B1 /* CardView.swift */ = {isa = PBXFileReference; lastKnownFileType = sourcecode.swift; path = CardView.swift; sourceTree = "<group>"; };
		A6B6C3CB24FC086B00F2E6B1 /* CardDataViews.swift */ = {isa = PBXFileReference; lastKnownFileType = sourcecode.swift; path = CardDataViews.swift; sourceTree = "<group>"; };
		A6B6C3CD24FC102F00F2E6B1 /* Data.swift */ = {isa = PBXFileReference; lastKnownFileType = sourcecode.swift; path = Data.swift; sourceTree = "<group>"; };
		A6B6C3D024FC12E300F2E6B1 /* CardSetsView.swift */ = {isa = PBXFileReference; lastKnownFileType = sourcecode.swift; path = CardSetsView.swift; sourceTree = "<group>"; };
		A6B6C3D424FC158F00F2E6B1 /* CardsPageView.swift */ = {isa = PBXFileReference; lastKnownFileType = sourcecode.swift; path = CardsPageView.swift; sourceTree = "<group>"; };
		A6B6C3D624FC3A3900F2E6B1 /* Flashcards.entitlements */ = {isa = PBXFileReference; lastKnownFileType = text.plist.entitlements; path = Flashcards.entitlements; sourceTree = "<group>"; };
		A6B6C3D724FC3C9000F2E6B1 /* EditCardSetView.swift */ = {isa = PBXFileReference; lastKnownFileType = sourcecode.swift; path = EditCardSetView.swift; sourceTree = "<group>"; };
		A6B6C3DA24FC473000F2E6B1 /* EditCardsView.swift */ = {isa = PBXFileReference; lastKnownFileType = sourcecode.swift; path = EditCardsView.swift; sourceTree = "<group>"; };
		A6BDD975250ADC10007F4206 /* CloudKit.framework */ = {isa = PBXFileReference; lastKnownFileType = wrapper.framework; name = CloudKit.framework; path = System/Library/Frameworks/CloudKit.framework; sourceTree = SDKROOT; };
/* End PBXFileReference section */

/* Begin PBXFrameworksBuildPhase section */
		A647182C24F981150057C19F /* Frameworks */ = {
			isa = PBXFrameworksBuildPhase;
			buildActionMask = 2147483647;
			files = (
				A6BDD976250ADC10007F4206 /* CloudKit.framework in Frameworks */,
			);
			runOnlyForDeploymentPostprocessing = 0;
		};
/* End PBXFrameworksBuildPhase section */

/* Begin PBXGroup section */
		A647182624F981150057C19F = {
			isa = PBXGroup;
			children = (
				A647183124F981160057C19F /* Flashcards */,
				A647183024F981160057C19F /* Products */,
				A6BDD974250ADC10007F4206 /* Frameworks */,
			);
			sourceTree = "<group>";
		};
		A647183024F981160057C19F /* Products */ = {
			isa = PBXGroup;
			children = (
				A647182F24F981160057C19F /* Flashcards.app */,
			);
			name = Products;
			sourceTree = "<group>";
		};
		A647183124F981160057C19F /* Flashcards */ = {
			isa = PBXGroup;
			children = (
				A6B6C3D624FC3A3900F2E6B1 /* Flashcards.entitlements */,
				A647183224F981160057C19F /* AppDelegate.swift */,
				A647183424F981160057C19F /* SceneDelegate.swift */,
				A6B6C3D924FC415000F2E6B1 /* Card Sets */,
				A6B6C3CF24FC12CA00F2E6B1 /* Cards */,
				A6B4F741250007460090C350 /* Edit Card Set */,
				A671BF382501912700059B73 /* Data */,
				A647184924F991930057C19F /* Pages */,
				A647183B24F981270057C19F /* Assets.xcassets */,
				A647184024F981270057C19F /* LaunchScreen.storyboard */,
				A647184324F981270057C19F /* Info.plist */,
				A647183624F981160057C19F /* Flashcards.xcdatamodeld */,
				A647183D24F981270057C19F /* Preview Content */,
			);
			path = Flashcards;
			sourceTree = "<group>";
		};
		A647183D24F981270057C19F /* Preview Content */ = {
			isa = PBXGroup;
			children = (
				A647183E24F981270057C19F /* Preview Assets.xcassets */,
			);
			path = "Preview Content";
			sourceTree = "<group>";
		};
		A647184924F991930057C19F /* Pages */ = {
			isa = PBXGroup;
			children = (
				A647184A24F991A20057C19F /* PageView.swift */,
				A647184C24F991BE0057C19F /* PageViewController.swift */,
			);
			path = Pages;
			sourceTree = "<group>";
		};
		A671BF382501912700059B73 /* Data */ = {
			isa = PBXGroup;
			children = (
				A6B6C3CD24FC102F00F2E6B1 /* Data.swift */,
			);
			path = Data;
			sourceTree = "<group>";
		};
		A6B4F741250007460090C350 /* Edit Card Set */ = {
			isa = PBXGroup;
			children = (
				A6B6C3D724FC3C9000F2E6B1 /* EditCardSetView.swift */,
				A6B6C3DA24FC473000F2E6B1 /* EditCardsView.swift */,
				A61FB4B524FEFA46007229E5 /* EditCardView.swift */,
			);
			path = "Edit Card Set";
			sourceTree = "<group>";
		};
		A6B6C3CF24FC12CA00F2E6B1 /* Cards */ = {
			isa = PBXGroup;
			children = (
				A6B6C3D424FC158F00F2E6B1 /* CardsPageView.swift */,
				A6B6C3C924FC081500F2E6B1 /* CardView.swift */,
				A6B6C3CB24FC086B00F2E6B1 /* CardDataViews.swift */,
			);
			path = Cards;
			sourceTree = "<group>";
		};
		A6B6C3D924FC415000F2E6B1 /* Card Sets */ = {
			isa = PBXGroup;
			children = (
				A647183924F981160057C19F /* ContentView.swift */,
				A6B6C3D024FC12E300F2E6B1 /* CardSetsView.swift */,
			);
			path = "Card Sets";
			sourceTree = "<group>";
		};
		A6BDD974250ADC10007F4206 /* Frameworks */ = {
			isa = PBXGroup;
			children = (
				A6BDD975250ADC10007F4206 /* CloudKit.framework */,
			);
			name = Frameworks;
			sourceTree = "<group>";
		};
/* End PBXGroup section */

/* Begin PBXNativeTarget section */
		A647182E24F981150057C19F /* Flashcards */ = {
			isa = PBXNativeTarget;
			buildConfigurationList = A647184624F981270057C19F /* Build configuration list for PBXNativeTarget "Flashcards" */;
			buildPhases = (
				A647182B24F981150057C19F /* Sources */,
				A647182C24F981150057C19F /* Frameworks */,
				A647182D24F981150057C19F /* Resources */,
			);
			buildRules = (
			);
			dependencies = (
			);
			name = Flashcards;
			productName = Flashcards;
			productReference = A647182F24F981160057C19F /* Flashcards.app */;
			productType = "com.apple.product-type.application";
		};
/* End PBXNativeTarget section */

/* Begin PBXProject section */
		A647182724F981150057C19F /* Project object */ = {
			isa = PBXProject;
			attributes = {
				LastSwiftUpdateCheck = 1160;
				LastUpgradeCheck = 1200;
				ORGANIZATIONNAME = JodyKocis;
				TargetAttributes = {
					A647182E24F981150057C19F = {
						CreatedOnToolsVersion = 11.6;
					};
				};
			};
			buildConfigurationList = A647182A24F981150057C19F /* Build configuration list for PBXProject "Flashcards" */;
			compatibilityVersion = "Xcode 9.3";
			developmentRegion = en;
			hasScannedForEncodings = 0;
			knownRegions = (
				en,
				Base,
			);
			mainGroup = A647182624F981150057C19F;
			productRefGroup = A647183024F981160057C19F /* Products */;
			projectDirPath = "";
			projectRoot = "";
			targets = (
				A647182E24F981150057C19F /* Flashcards */,
			);
		};
/* End PBXProject section */

/* Begin PBXResourcesBuildPhase section */
		A647182D24F981150057C19F /* Resources */ = {
			isa = PBXResourcesBuildPhase;
			buildActionMask = 2147483647;
			files = (
				A647184224F981270057C19F /* LaunchScreen.storyboard in Resources */,
				A647183F24F981270057C19F /* Preview Assets.xcassets in Resources */,
				A647183C24F981270057C19F /* Assets.xcassets in Resources */,
			);
			runOnlyForDeploymentPostprocessing = 0;
		};
/* End PBXResourcesBuildPhase section */

/* Begin PBXSourcesBuildPhase section */
		A647182B24F981150057C19F /* Sources */ = {
			isa = PBXSourcesBuildPhase;
			buildActionMask = 2147483647;
			files = (
				A6B6C3CC24FC086B00F2E6B1 /* CardDataViews.swift in Sources */,
				A6B6C3CA24FC081500F2E6B1 /* CardView.swift in Sources */,
				A647184B24F991A20057C19F /* PageView.swift in Sources */,
				A6B6C3D524FC158F00F2E6B1 /* CardsPageView.swift in Sources */,
				A647183324F981160057C19F /* AppDelegate.swift in Sources */,
				A61FB4B624FEFA46007229E5 /* EditCardView.swift in Sources */,
				A647183824F981160057C19F /* Flashcards.xcdatamodeld in Sources */,
				A647184D24F991BE0057C19F /* PageViewController.swift in Sources */,
				A6B6C3DB24FC473000F2E6B1 /* EditCardsView.swift in Sources */,
				A6B6C3D824FC3C9000F2E6B1 /* EditCardSetView.swift in Sources */,
				A647183A24F981160057C19F /* ContentView.swift in Sources */,
				A6B6C3D124FC12E300F2E6B1 /* CardSetsView.swift in Sources */,
				A6B6C3CE24FC102F00F2E6B1 /* Data.swift in Sources */,
				A647183524F981160057C19F /* SceneDelegate.swift in Sources */,
			);
			runOnlyForDeploymentPostprocessing = 0;
		};
/* End PBXSourcesBuildPhase section */

/* Begin PBXVariantGroup section */
		A647184024F981270057C19F /* LaunchScreen.storyboard */ = {
			isa = PBXVariantGroup;
			children = (
				A647184124F981270057C19F /* Base */,
			);
			name = LaunchScreen.storyboard;
			sourceTree = "<group>";
		};
/* End PBXVariantGroup section */

/* Begin XCBuildConfiguration section */
		A647184424F981270057C19F /* Debug */ = {
			isa = XCBuildConfiguration;
			buildSettings = {
				ALWAYS_SEARCH_USER_PATHS = NO;
				CLANG_ANALYZER_NONNULL = YES;
				CLANG_ANALYZER_NUMBER_OBJECT_CONVERSION = YES_AGGRESSIVE;
				CLANG_CXX_LANGUAGE_STANDARD = "gnu++14";
				CLANG_CXX_LIBRARY = "libc++";
				CLANG_ENABLE_MODULES = YES;
				CLANG_ENABLE_OBJC_ARC = YES;
				CLANG_ENABLE_OBJC_WEAK = YES;
				CLANG_WARN_BLOCK_CAPTURE_AUTORELEASING = YES;
				CLANG_WARN_BOOL_CONVERSION = YES;
				CLANG_WARN_COMMA = YES;
				CLANG_WARN_CONSTANT_CONVERSION = YES;
				CLANG_WARN_DEPRECATED_OBJC_IMPLEMENTATIONS = YES;
				CLANG_WARN_DIRECT_OBJC_ISA_USAGE = YES_ERROR;
				CLANG_WARN_DOCUMENTATION_COMMENTS = YES;
				CLANG_WARN_EMPTY_BODY = YES;
				CLANG_WARN_ENUM_CONVERSION = YES;
				CLANG_WARN_INFINITE_RECURSION = YES;
				CLANG_WARN_INT_CONVERSION = YES;
				CLANG_WARN_NON_LITERAL_NULL_CONVERSION = YES;
				CLANG_WARN_OBJC_IMPLICIT_RETAIN_SELF = YES;
				CLANG_WARN_OBJC_LITERAL_CONVERSION = YES;
				CLANG_WARN_OBJC_ROOT_CLASS = YES_ERROR;
				CLANG_WARN_QUOTED_INCLUDE_IN_FRAMEWORK_HEADER = YES;
				CLANG_WARN_RANGE_LOOP_ANALYSIS = YES;
				CLANG_WARN_STRICT_PROTOTYPES = YES;
				CLANG_WARN_SUSPICIOUS_MOVE = YES;
				CLANG_WARN_UNGUARDED_AVAILABILITY = YES_AGGRESSIVE;
				CLANG_WARN_UNREACHABLE_CODE = YES;
				CLANG_WARN__DUPLICATE_METHOD_MATCH = YES;
				COPY_PHASE_STRIP = NO;
				DEBUG_INFORMATION_FORMAT = dwarf;
				ENABLE_STRICT_OBJC_MSGSEND = YES;
				ENABLE_TESTABILITY = YES;
				GCC_C_LANGUAGE_STANDARD = gnu11;
				GCC_DYNAMIC_NO_PIC = NO;
				GCC_NO_COMMON_BLOCKS = YES;
				GCC_OPTIMIZATION_LEVEL = 0;
				GCC_PREPROCESSOR_DEFINITIONS = (
					"DEBUG=1",
					"$(inherited)",
				);
				GCC_WARN_64_TO_32_BIT_CONVERSION = YES;
				GCC_WARN_ABOUT_RETURN_TYPE = YES_ERROR;
				GCC_WARN_UNDECLARED_SELECTOR = YES;
				GCC_WARN_UNINITIALIZED_AUTOS = YES_AGGRESSIVE;
				GCC_WARN_UNUSED_FUNCTION = YES;
				GCC_WARN_UNUSED_VARIABLE = YES;
				IPHONEOS_DEPLOYMENT_TARGET = 13.6;
				MTL_ENABLE_DEBUG_INFO = INCLUDE_SOURCE;
				MTL_FAST_MATH = YES;
				ONLY_ACTIVE_ARCH = YES;
				SDKROOT = iphoneos;
				SWIFT_ACTIVE_COMPILATION_CONDITIONS = DEBUG;
				SWIFT_OPTIMIZATION_LEVEL = "-Onone";
			};
			name = Debug;
		};
		A647184524F981270057C19F /* Release */ = {
			isa = XCBuildConfiguration;
			buildSettings = {
				ALWAYS_SEARCH_USER_PATHS = NO;
				CLANG_ANALYZER_NONNULL = YES;
				CLANG_ANALYZER_NUMBER_OBJECT_CONVERSION = YES_AGGRESSIVE;
				CLANG_CXX_LANGUAGE_STANDARD = "gnu++14";
				CLANG_CXX_LIBRARY = "libc++";
				CLANG_ENABLE_MODULES = YES;
				CLANG_ENABLE_OBJC_ARC = YES;
				CLANG_ENABLE_OBJC_WEAK = YES;
				CLANG_WARN_BLOCK_CAPTURE_AUTORELEASING = YES;
				CLANG_WARN_BOOL_CONVERSION = YES;
				CLANG_WARN_COMMA = YES;
				CLANG_WARN_CONSTANT_CONVERSION = YES;
				CLANG_WARN_DEPRECATED_OBJC_IMPLEMENTATIONS = YES;
				CLANG_WARN_DIRECT_OBJC_ISA_USAGE = YES_ERROR;
				CLANG_WARN_DOCUMENTATION_COMMENTS = YES;
				CLANG_WARN_EMPTY_BODY = YES;
				CLANG_WARN_ENUM_CONVERSION = YES;
				CLANG_WARN_INFINITE_RECURSION = YES;
				CLANG_WARN_INT_CONVERSION = YES;
				CLANG_WARN_NON_LITERAL_NULL_CONVERSION = YES;
				CLANG_WARN_OBJC_IMPLICIT_RETAIN_SELF = YES;
				CLANG_WARN_OBJC_LITERAL_CONVERSION = YES;
				CLANG_WARN_OBJC_ROOT_CLASS = YES_ERROR;
				CLANG_WARN_QUOTED_INCLUDE_IN_FRAMEWORK_HEADER = YES;
				CLANG_WARN_RANGE_LOOP_ANALYSIS = YES;
				CLANG_WARN_STRICT_PROTOTYPES = YES;
				CLANG_WARN_SUSPICIOUS_MOVE = YES;
				CLANG_WARN_UNGUARDED_AVAILABILITY = YES_AGGRESSIVE;
				CLANG_WARN_UNREACHABLE_CODE = YES;
				CLANG_WARN__DUPLICATE_METHOD_MATCH = YES;
				COPY_PHASE_STRIP = NO;
				DEBUG_INFORMATION_FORMAT = "dwarf-with-dsym";
				ENABLE_NS_ASSERTIONS = NO;
				ENABLE_STRICT_OBJC_MSGSEND = YES;
				GCC_C_LANGUAGE_STANDARD = gnu11;
				GCC_NO_COMMON_BLOCKS = YES;
				GCC_WARN_64_TO_32_BIT_CONVERSION = YES;
				GCC_WARN_ABOUT_RETURN_TYPE = YES_ERROR;
				GCC_WARN_UNDECLARED_SELECTOR = YES;
				GCC_WARN_UNINITIALIZED_AUTOS = YES_AGGRESSIVE;
				GCC_WARN_UNUSED_FUNCTION = YES;
				GCC_WARN_UNUSED_VARIABLE = YES;
				IPHONEOS_DEPLOYMENT_TARGET = 13.6;
				MTL_ENABLE_DEBUG_INFO = NO;
				MTL_FAST_MATH = YES;
				SDKROOT = iphoneos;
				SWIFT_COMPILATION_MODE = wholemodule;
				SWIFT_OPTIMIZATION_LEVEL = "-O";
				VALIDATE_PRODUCT = YES;
			};
			name = Release;
		};
		A647184724F981270057C19F /* Debug */ = {
			isa = XCBuildConfiguration;
			buildSettings = {
				ASSETCATALOG_COMPILER_APPICON_NAME = AppIcon;
				CODE_SIGN_ENTITLEMENTS = Flashcards/Flashcards.entitlements;
				CODE_SIGN_STYLE = Automatic;
				DEVELOPMENT_ASSET_PATHS = "\"Flashcards/Preview Content\"";
				DEVELOPMENT_TEAM = 373ZY3MVGD;
				ENABLE_PREVIEWS = YES;
				INFOPLIST_FILE = Flashcards/Info.plist;
				LD_RUNPATH_SEARCH_PATHS = (
					"$(inherited)",
					"@executable_path/Frameworks",
				);
				PRODUCT_BUNDLE_IDENTIFIER = JodyKocis.Flashcards;
				PRODUCT_NAME = "$(TARGET_NAME)";
				SUPPORTS_MACCATALYST = YES;
				SWIFT_VERSION = 5.0;
				TARGETED_DEVICE_FAMILY = "1,2";
			};
			name = Debug;
		};
		A647184824F981270057C19F /* Release */ = {
			isa = XCBuildConfiguration;
			buildSettings = {
				ASSETCATALOG_COMPILER_APPICON_NAME = AppIcon;
				CODE_SIGN_ENTITLEMENTS = Flashcards/Flashcards.entitlements;
				CODE_SIGN_STYLE = Automatic;
				DEVELOPMENT_ASSET_PATHS = "\"Flashcards/Preview Content\"";
				DEVELOPMENT_TEAM = 373ZY3MVGD;
				ENABLE_PREVIEWS = YES;
				INFOPLIST_FILE = Flashcards/Info.plist;
				LD_RUNPATH_SEARCH_PATHS = (
					"$(inherited)",
					"@executable_path/Frameworks",
				);
				PRODUCT_BUNDLE_IDENTIFIER = JodyKocis.Flashcards;
				PRODUCT_NAME = "$(TARGET_NAME)";
				SUPPORTS_MACCATALYST = YES;
				SWIFT_VERSION = 5.0;
				TARGETED_DEVICE_FAMILY = "1,2";
			};
			name = Release;
		};
/* End XCBuildConfiguration section */

/* Begin XCConfigurationList section */
		A647182A24F981150057C19F /* Build configuration list for PBXProject "Flashcards" */ = {
			isa = XCConfigurationList;
			buildConfigurations = (
				A647184424F981270057C19F /* Debug */,
				A647184524F981270057C19F /* Release */,
			);
			defaultConfigurationIsVisible = 0;
			defaultConfigurationName = Release;
		};
		A647184624F981270057C19F /* Build configuration list for PBXNativeTarget "Flashcards" */ = {
			isa = XCConfigurationList;
			buildConfigurations = (
				A647184724F981270057C19F /* Debug */,
				A647184824F981270057C19F /* Release */,
			);
			defaultConfigurationIsVisible = 0;
			defaultConfigurationName = Release;
		};
/* End XCConfigurationList section */

/* Begin XCVersionGroup section */
		A647183624F981160057C19F /* Flashcards.xcdatamodeld */ = {
			isa = XCVersionGroup;
			children = (
				A647183724F981160057C19F /* Flashcards.xcdatamodel */,
			);
			currentVersion = A647183724F981160057C19F /* Flashcards.xcdatamodel */;
			path = Flashcards.xcdatamodeld;
			sourceTree = "<group>";
			versionGroupType = wrapper.xcdatamodel;
		};
/* End XCVersionGroup section */
	};
	rootObject = A647182724F981150057C19F /* Project object */;
}
